
Microsoft Visual Studio Solution File, Format Version 12.00
# Visual Studio Version 16
VisualStudioVersion = 16.0.29609.76
MinimumVisualStudioVersion = 10.0.40219.1
Project("{FAE04EC0-301F-11D3-BF4B-00C04F79EFBC}") = "FigureAreaLibrary", "FigureAreaLibrary\FigureAreaLibrary.csproj", "{5458BB78-42B3-419C-84A3-58119D07AB23}"
EndProject
Project("{FAE04EC0-301F-11D3-BF4B-00C04F79EFBC}") = "FigureAreaLibrary.Tests", "FigureAreaLibrary.Tests\FigureAreaLibrary.Tests.csproj", "{DCC2EAF9-5DC5-4E63-A751-B7ABF350C894}"
EndProject
Global
	GlobalSection(SolutionConfigurationPlatforms) = preSolution
		Debug|Any CPU = Debug|Any CPU
		Release|Any CPU = Release|Any CPU
	EndGlobalSection
	GlobalSection(ProjectConfigurationPlatforms) = postSolution
		{5458BB78-42B3-419C-84A3-58119D07AB23}.Debug|Any CPU.ActiveCfg = Debug|Any CPU
		{5458BB78-42B3-419C-84A3-58119D07AB23}.Debug|Any CPU.Build.0 = Debug|Any CPU
		{5458BB78-42B3-419C-84A3-58119D07AB23}.Release|Any CPU.ActiveCfg = Release|Any CPU
		{5458BB78-42B3-419C-84A3-58119D07AB23}.Release|Any CPU.Build.0 = Release|Any CPU
		{DCC2EAF9-5DC5-4E63-A751-B7ABF350C894}.Debug|Any CPU.ActiveCfg = Debug|Any CPU
		{DCC2EAF9-5DC5-4E63-A751-B7ABF350C894}.Debug|Any CPU.Build.0 = Debug|Any CPU
		{DCC2EAF9-5DC5-4E63-A751-B7ABF350C894}.Release|Any CPU.ActiveCfg = Release|Any CPU
		{DCC2EAF9-5DC5-4E63-A751-B7ABF350C894}.Release|Any CPU.Build.0 = Release|Any CPU
	EndGlobalSection
	GlobalSection(SolutionProperties) = preSolution
		HideSolutionNode = FALSE
	EndGlobalSection
	GlobalSection(ExtensibilityGlobals) = postSolution
		SolutionGuid = {0D2672D6-84ED-40DB-9C31-68A71B739210}
	EndGlobalSection
EndGlobal
